<?xml version="1.0" encoding="utf-8"?>
<Project ToolsVersion="4.0" xmlns="http://schemas.microsoft.com/developer/msbuild/2003">
  <ItemGroup>
    <ClCompile Include="proc_test.cpp" />
    <ClCompile Include="path_test.cpp" />
    <ClCompile Include="crypt_test.cpp" />
    <ClCompile Include="ini_test.cpp" />
    <ClCompile Include="io_test.cpp" />
    <ClCompile Include="misc_test.cpp" />
    <ClCompile Include="net_test.cpp" />
    <ClCompile Include="browser_test.cpp" />
  </ItemGroup>
</Project>