
Microsoft Visual Studio Solution File, Format Version 12.00
# Visual Studio Express 2012 for Windows Desktop
Project("{8BC9CEB8-8B4A-11D0-8D11-00A0C91BC942}") = "str", "str\str.vcxproj", "{49952ADD-4502-4A0D-BD3E-7C411FEDAE50}"
EndProject
Project("{8BC9CEB8-8B4A-11D0-8D11-00A0C91BC942}") = "io", "io\io.vcxproj", "{E2F1CFFA-BEA3-49D6-9F5B-7E86879706F0}"
	ProjectSection(ProjectDependencies) = postProject
		{49952ADD-4502-4A0D-BD3E-7C411FEDAE50} = {49952ADD-4502-4A0D-BD3E-7C411FEDAE50}
	EndProjectSection
EndProject
Project("{8BC9CEB8-8B4A-11D0-8D11-00A0C91BC942}") = "ini", "ini\ini.vcxproj", "{D64CCE4B-1079-471A-805D-5B114FB94DAE}"
	ProjectSection(ProjectDependencies) = postProject
		{49952ADD-4502-4A0D-BD3E-7C411FEDAE50} = {49952ADD-4502-4A0D-BD3E-7C411FEDAE50}
	EndProjectSection
EndProject
Project("{8BC9CEB8-8B4A-11D0-8D11-00A0C91BC942}") = "log", "log\log.vcxproj", "{BEA17877-D9CA-42DD-B9FA-2C2722642E47}"
	ProjectSection(ProjectDependencies) = postProject
		{49952ADD-4502-4A0D-BD3E-7C411FEDAE50} = {49952ADD-4502-4A0D-BD3E-7C411FEDAE50}
		{E2F1CFFA-BEA3-49D6-9F5B-7E86879706F0} = {E2F1CFFA-BEA3-49D6-9F5B-7E86879706F0}
	EndProjectSection
EndProject
Project("{8BC9CEB8-8B4A-11D0-8D11-00A0C91BC942}") = "misc", "misc\misc.vcxproj", "{EC5FFDEE-4878-4051-8856-66EE0F5FBFC3}"
	ProjectSection(ProjectDependencies) = postProject
		{49952ADD-4502-4A0D-BD3E-7C411FEDAE50} = {49952ADD-4502-4A0D-BD3E-7C411FEDAE50}
	EndProjectSection
EndProject
Project("{8BC9CEB8-8B4A-11D0-8D11-00A0C91BC942}") = "ole", "ole\ole.vcxproj", "{9979DB8B-BDA3-4EB8-9B18-3B88EFB682EF}"
EndProject
Project("{8BC9CEB8-8B4A-11D0-8D11-00A0C91BC942}") = "net", "net\net.vcxproj", "{3B1A712C-7A80-45DD-B69D-4BB2037F5D7B}"
	ProjectSection(ProjectDependencies) = postProject
		{49952ADD-4502-4A0D-BD3E-7C411FEDAE50} = {49952ADD-4502-4A0D-BD3E-7C411FEDAE50}
	EndProjectSection
EndProject
Project("{8BC9CEB8-8B4A-11D0-8D11-00A0C91BC942}") = "browser", "browser\browser.vcxproj", "{5CCD2500-C4D8-47C6-91C5-F2BF4D153F47}"
	ProjectSection(ProjectDependencies) = postProject
		{49952ADD-4502-4A0D-BD3E-7C411FEDAE50} = {49952ADD-4502-4A0D-BD3E-7C411FEDAE50}
	EndProjectSection
EndProject
Project("{8BC9CEB8-8B4A-11D0-8D11-00A0C91BC942}") = "path", "path\path.vcxproj", "{AC52D45D-6D73-4F89-B8C4-C5EAE0274D3A}"
	ProjectSection(ProjectDependencies) = postProject
		{49952ADD-4502-4A0D-BD3E-7C411FEDAE50} = {49952ADD-4502-4A0D-BD3E-7C411FEDAE50}
	EndProjectSection
EndProject
Project("{8BC9CEB8-8B4A-11D0-8D11-00A0C91BC942}") = "crypt", "crypt\crypt.vcxproj", "{C792CC19-3586-46C2-8AA5-B9A698677DE2}"
	ProjectSection(ProjectDependencies) = postProject
		{49952ADD-4502-4A0D-BD3E-7C411FEDAE50} = {49952ADD-4502-4A0D-BD3E-7C411FEDAE50}
		{EC5FFDEE-4878-4051-8856-66EE0F5FBFC3} = {EC5FFDEE-4878-4051-8856-66EE0F5FBFC3}
		{E2F1CFFA-BEA3-49D6-9F5B-7E86879706F0} = {E2F1CFFA-BEA3-49D6-9F5B-7E86879706F0}
	EndProjectSection
EndProject
Project("{8BC9CEB8-8B4A-11D0-8D11-00A0C91BC942}") = "proc", "proc\proc.vcxproj", "{F0A525DD-2EE1-4563-B48C-83168D2DFEA0}"
	ProjectSection(ProjectDependencies) = postProject
		{AC52D45D-6D73-4F89-B8C4-C5EAE0274D3A} = {AC52D45D-6D73-4F89-B8C4-C5EAE0274D3A}
		{49952ADD-4502-4A0D-BD3E-7C411FEDAE50} = {49952ADD-4502-4A0D-BD3E-7C411FEDAE50}
	EndProjectSection
EndProject
Project("{8BC9CEB8-8B4A-11D0-8D11-00A0C91BC942}") = "test", "test\test.vcxproj", "{657912D9-461E-457B-899A-9499190BBC9C}"
	ProjectSection(ProjectDependencies) = postProject
		{5CCD2500-C4D8-47C6-91C5-F2BF4D153F47} = {5CCD2500-C4D8-47C6-91C5-F2BF4D153F47}
		{C792CC19-3586-46C2-8AA5-B9A698677DE2} = {C792CC19-3586-46C2-8AA5-B9A698677DE2}
		{3B1A712C-7A80-45DD-B69D-4BB2037F5D7B} = {3B1A712C-7A80-45DD-B69D-4BB2037F5D7B}
		{D64CCE4B-1079-471A-805D-5B114FB94DAE} = {D64CCE4B-1079-471A-805D-5B114FB94DAE}
		{AC52D45D-6D73-4F89-B8C4-C5EAE0274D3A} = {AC52D45D-6D73-4F89-B8C4-C5EAE0274D3A}
		{BEA17877-D9CA-42DD-B9FA-2C2722642E47} = {BEA17877-D9CA-42DD-B9FA-2C2722642E47}
		{9979DB8B-BDA3-4EB8-9B18-3B88EFB682EF} = {9979DB8B-BDA3-4EB8-9B18-3B88EFB682EF}
		{F0A525DD-2EE1-4563-B48C-83168D2DFEA0} = {F0A525DD-2EE1-4563-B48C-83168D2DFEA0}
		{49952ADD-4502-4A0D-BD3E-7C411FEDAE50} = {49952ADD-4502-4A0D-BD3E-7C411FEDAE50}
		{EC5FFDEE-4878-4051-8856-66EE0F5FBFC3} = {EC5FFDEE-4878-4051-8856-66EE0F5FBFC3}
		{E2F1CFFA-BEA3-49D6-9F5B-7E86879706F0} = {E2F1CFFA-BEA3-49D6-9F5B-7E86879706F0}
	EndProjectSection
EndProject
Project("{8BC9CEB8-8B4A-11D0-8D11-00A0C91BC942}") = "vl", "vl\vl.vcxproj", "{BC45724B-C62A-4441-9E8B-B6B7427A594F}"
	ProjectSection(ProjectDependencies) = postProject
		{D64CCE4B-1079-471A-805D-5B114FB94DAE} = {D64CCE4B-1079-471A-805D-5B114FB94DAE}
		{AC52D45D-6D73-4F89-B8C4-C5EAE0274D3A} = {AC52D45D-6D73-4F89-B8C4-C5EAE0274D3A}
		{BEA17877-D9CA-42DD-B9FA-2C2722642E47} = {BEA17877-D9CA-42DD-B9FA-2C2722642E47}
		{F0A525DD-2EE1-4563-B48C-83168D2DFEA0} = {F0A525DD-2EE1-4563-B48C-83168D2DFEA0}
		{49952ADD-4502-4A0D-BD3E-7C411FEDAE50} = {49952ADD-4502-4A0D-BD3E-7C411FEDAE50}
	EndProjectSection
EndProject
Global
	GlobalSection(SolutionConfigurationPlatforms) = preSolution
		Debug|Win32 = Debug|Win32
		Release|Win32 = Release|Win32
	EndGlobalSection
	GlobalSection(ProjectConfigurationPlatforms) = postSolution
		{49952ADD-4502-4A0D-BD3E-7C411FEDAE50}.Debug|Win32.ActiveCfg = Debug|Win32
		{49952ADD-4502-4A0D-BD3E-7C411FEDAE50}.Debug|Win32.Build.0 = Debug|Win32
		{49952ADD-4502-4A0D-BD3E-7C411FEDAE50}.Release|Win32.ActiveCfg = Release|Win32
		{49952ADD-4502-4A0D-BD3E-7C411FEDAE50}.Release|Win32.Build.0 = Release|Win32
		{E2F1CFFA-BEA3-49D6-9F5B-7E86879706F0}.Debug|Win32.ActiveCfg = Debug|Win32
		{E2F1CFFA-BEA3-49D6-9F5B-7E86879706F0}.Debug|Win32.Build.0 = Debug|Win32
		{E2F1CFFA-BEA3-49D6-9F5B-7E86879706F0}.Release|Win32.ActiveCfg = Release|Win32
		{E2F1CFFA-BEA3-49D6-9F5B-7E86879706F0}.Release|Win32.Build.0 = Release|Win32
		{D64CCE4B-1079-471A-805D-5B114FB94DAE}.Debug|Win32.ActiveCfg = Debug|Win32
		{D64CCE4B-1079-471A-805D-5B114FB94DAE}.Debug|Win32.Build.0 = Debug|Win32
		{D64CCE4B-1079-471A-805D-5B114FB94DAE}.Release|Win32.ActiveCfg = Release|Win32
		{D64CCE4B-1079-471A-805D-5B114FB94DAE}.Release|Win32.Build.0 = Release|Win32
		{BEA17877-D9CA-42DD-B9FA-2C2722642E47}.Debug|Win32.ActiveCfg = Debug|Win32
		{BEA17877-D9CA-42DD-B9FA-2C2722642E47}.Debug|Win32.Build.0 = Debug|Win32
		{BEA17877-D9CA-42DD-B9FA-2C2722642E47}.Release|Win32.ActiveCfg = Release|Win32
		{BEA17877-D9CA-42DD-B9FA-2C2722642E47}.Release|Win32.Build.0 = Release|Win32
		{EC5FFDEE-4878-4051-8856-66EE0F5FBFC3}.Debug|Win32.ActiveCfg = Debug|Win32
		{EC5FFDEE-4878-4051-8856-66EE0F5FBFC3}.Debug|Win32.Build.0 = Debug|Win32
		{EC5FFDEE-4878-4051-8856-66EE0F5FBFC3}.Release|Win32.ActiveCfg = Release|Win32
		{EC5FFDEE-4878-4051-8856-66EE0F5FBFC3}.Release|Win32.Build.0 = Release|Win32
		{9979DB8B-BDA3-4EB8-9B18-3B88EFB682EF}.Debug|Win32.ActiveCfg = Debug|Win32
		{9979DB8B-BDA3-4EB8-9B18-3B88EFB682EF}.Debug|Win32.Build.0 = Debug|Win32
		{9979DB8B-BDA3-4EB8-9B18-3B88EFB682EF}.Release|Win32.ActiveCfg = Release|Win32
		{9979DB8B-BDA3-4EB8-9B18-3B88EFB682EF}.Release|Win32.Build.0 = Release|Win32
		{3B1A712C-7A80-45DD-B69D-4BB2037F5D7B}.Debug|Win32.ActiveCfg = Debug|Win32
		{3B1A712C-7A80-45DD-B69D-4BB2037F5D7B}.Debug|Win32.Build.0 = Debug|Win32
		{3B1A712C-7A80-45DD-B69D-4BB2037F5D7B}.Release|Win32.ActiveCfg = Release|Win32
		{3B1A712C-7A80-45DD-B69D-4BB2037F5D7B}.Release|Win32.Build.0 = Release|Win32
		{5CCD2500-C4D8-47C6-91C5-F2BF4D153F47}.Debug|Win32.ActiveCfg = Debug|Win32
		{5CCD2500-C4D8-47C6-91C5-F2BF4D153F47}.Debug|Win32.Build.0 = Debug|Win32
		{5CCD2500-C4D8-47C6-91C5-F2BF4D153F47}.Release|Win32.ActiveCfg = Release|Win32
		{5CCD2500-C4D8-47C6-91C5-F2BF4D153F47}.Release|Win32.Build.0 = Release|Win32
		{AC52D45D-6D73-4F89-B8C4-C5EAE0274D3A}.Debug|Win32.ActiveCfg = Debug|Win32
		{AC52D45D-6D73-4F89-B8C4-C5EAE0274D3A}.Debug|Win32.Build.0 = Debug|Win32
		{AC52D45D-6D73-4F89-B8C4-C5EAE0274D3A}.Release|Win32.ActiveCfg = Release|Win32
		{AC52D45D-6D73-4F89-B8C4-C5EAE0274D3A}.Release|Win32.Build.0 = Release|Win32
		{C792CC19-3586-46C2-8AA5-B9A698677DE2}.Debug|Win32.ActiveCfg = Debug|Win32
		{C792CC19-3586-46C2-8AA5-B9A698677DE2}.Debug|Win32.Build.0 = Debug|Win32
		{C792CC19-3586-46C2-8AA5-B9A698677DE2}.Release|Win32.ActiveCfg = Release|Win32
		{C792CC19-3586-46C2-8AA5-B9A698677DE2}.Release|Win32.Build.0 = Release|Win32
		{F0A525DD-2EE1-4563-B48C-83168D2DFEA0}.Debug|Win32.ActiveCfg = Debug|Win32
		{F0A525DD-2EE1-4563-B48C-83168D2DFEA0}.Debug|Win32.Build.0 = Debug|Win32
		{F0A525DD-2EE1-4563-B48C-83168D2DFEA0}.Release|Win32.ActiveCfg = Release|Win32
		{F0A525DD-2EE1-4563-B48C-83168D2DFEA0}.Release|Win32.Build.0 = Release|Win32
		{657912D9-461E-457B-899A-9499190BBC9C}.Debug|Win32.ActiveCfg = Debug|Win32
		{657912D9-461E-457B-899A-9499190BBC9C}.Debug|Win32.Build.0 = Debug|Win32
		{657912D9-461E-457B-899A-9499190BBC9C}.Release|Win32.ActiveCfg = Release|Win32
		{657912D9-461E-457B-899A-9499190BBC9C}.Release|Win32.Build.0 = Release|Win32
		{BC45724B-C62A-4441-9E8B-B6B7427A594F}.Debug|Win32.ActiveCfg = Debug|Win32
		{BC45724B-C62A-4441-9E8B-B6B7427A594F}.Debug|Win32.Build.0 = Debug|Win32
		{BC45724B-C62A-4441-9E8B-B6B7427A594F}.Release|Win32.ActiveCfg = Release|Win32
		{BC45724B-C62A-4441-9E8B-B6B7427A594F}.Release|Win32.Build.0 = Release|Win32
	EndGlobalSection
	GlobalSection(SolutionProperties) = preSolution
		HideSolutionNode = FALSE
	EndGlobalSection
EndGlobal
